
Microsoft Visual Studio Solution File, Format Version 12.00
# Visual Studio Version 16
VisualStudioVersion = 16.0.30011.22
MinimumVisualStudioVersion = 10.0.40219.1
Project("{FAE04EC0-301F-11D3-BF4B-00C04F79EFBC}") = "Wpf_StackPanel_Listbox", "Wpf_StackPanel_Listbox\Wpf_StackPanel_Listbox.csproj", "{C6F10292-94F7-45B3-AA2B-76F1628C5CCF}"
EndProject
Global
	GlobalSection(SolutionConfigurationPlatforms) = preSolution
		Debug|Any CPU = Debug|Any CPU
		Release|Any CPU = Release|Any CPU
	EndGlobalSection
	GlobalSection(ProjectConfigurationPlatforms) = postSolution
		{C6F10292-94F7-45B3-AA2B-76F1628C5CCF}.Debug|Any CPU.ActiveCfg = Debug|Any CPU
		{C6F10292-94F7-45B3-AA2B-76F1628C5CCF}.Debug|Any CPU.Build.0 = Debug|Any CPU
		{C6F10292-94F7-45B3-AA2B-76F1628C5CCF}.Release|Any CPU.ActiveCfg = Release|Any CPU
		{C6F10292-94F7-45B3-AA2B-76F1628C5CCF}.Release|Any CPU.Build.0 = Release|Any CPU
	EndGlobalSection
	GlobalSection(SolutionProperties) = preSolution
		HideSolutionNode = FALSE
	EndGlobalSection
	GlobalSection(ExtensibilityGlobals) = postSolution
		SolutionGuid = {B36A46F1-1451-47EC-ACAC-396EA9FD59EF}
	EndGlobalSection
EndGlobal
