
Microsoft Visual Studio Solution File, Format Version 12.00
# Visual Studio Version 16
VisualStudioVersion = 16.0.30011.22
MinimumVisualStudioVersion = 10.0.40219.1
Project("{FAE04EC0-301F-11D3-BF4B-00C04F79EFBC}") = "Wpf_CheckBox", "Wpf_CheckBox\Wpf_CheckBox.csproj", "{EFEAAA5D-C8C8-47F8-9AFD-A8C26FBAD3A8}"
EndProject
Global
	GlobalSection(SolutionConfigurationPlatforms) = preSolution
		Debug|Any CPU = Debug|Any CPU
		Release|Any CPU = Release|Any CPU
	EndGlobalSection
	GlobalSection(ProjectConfigurationPlatforms) = postSolution
		{EFEAAA5D-C8C8-47F8-9AFD-A8C26FBAD3A8}.Debug|Any CPU.ActiveCfg = Debug|Any CPU
		{EFEAAA5D-C8C8-47F8-9AFD-A8C26FBAD3A8}.Debug|Any CPU.Build.0 = Debug|Any CPU
		{EFEAAA5D-C8C8-47F8-9AFD-A8C26FBAD3A8}.Release|Any CPU.ActiveCfg = Release|Any CPU
		{EFEAAA5D-C8C8-47F8-9AFD-A8C26FBAD3A8}.Release|Any CPU.Build.0 = Release|Any CPU
	EndGlobalSection
	GlobalSection(SolutionProperties) = preSolution
		HideSolutionNode = FALSE
	EndGlobalSection
	GlobalSection(ExtensibilityGlobals) = postSolution
		SolutionGuid = {DCF12A6B-E691-455F-9686-215FECF9907A}
	EndGlobalSection
EndGlobal
